{
  "pins" : [
    {
      "identity" : "rive-ios",
      "kind" : "remoteSourceControl",
      "location" : "https://github.com/rive-app/rive-ios.git",
      "state" : {
        "revision" : "405f10d2161127c90665ffcee050f305b0330bdc",
        "version" : "6.12.2"
      }
    }
  ],
  "version" : 2
}
